// !$*UTF8*$!
{
	archiveVersion = 1;
	classes = {
	};
	objectVersion = 50;
	objects = {

/* Begin PBXBuildFile section */
		62ACD6022678D309008AEE1C /* SwiftListApp.swift in Sources */ = {isa = PBXBuildFile; fileRef = 62ACD6012678D309008AEE1C /* SwiftListApp.swift */; };
		62ACD6042678D309008AEE1C /* VideoListView.swift in Sources */ = {isa = PBXBuildFile; fileRef = 62ACD6032678D309008AEE1C /* VideoListView.swift */; };
		62ACD6062678D30B008AEE1C /* Assets.xcassets in Resources */ = {isa = PBXBuildFile; fileRef = 62ACD6052678D30B008AEE1C /* Assets.xcassets */; };
		62ACD6092678D30B008AEE1C /* Preview Assets.xcassets in Resources */ = {isa = PBXBuildFile; fileRef = 62ACD6082678D30B008AEE1C /* Preview Assets.xcassets */; };
		62ACD6122678D4BE008AEE1C /* VideoList.swift in Sources */ = {isa = PBXBuildFile; fileRef = 62ACD6112678D4BE008AEE1C /* VideoList.swift */; };
		62ACD6162678E728008AEE1C /* VideoDetailView.swift in Sources */ = {isa = PBXBuildFile; fileRef = 62ACD6152678E728008AEE1C /* VideoDetailView.swift */; };
/* End PBXBuildFile section */

/* Begin PBXFileReference section */
		62ACD5FE2678D309008AEE1C /* SwiftList.app */ = {isa = PBXFileReference; explicitFileType = wrapper.application; includeInIndex = 0; path = SwiftList.app; sourceTree = BUILT_PRODUCTS_DIR; };
		62ACD6012678D309008AEE1C /* SwiftListApp.swift */ = {isa = PBXFileReference; lastKnownFileType = sourcecode.swift; path = SwiftListApp.swift; sourceTree = "<group>"; };
		62ACD6032678D309008AEE1C /* VideoListView.swift */ = {isa = PBXFileReference; lastKnownFileType = sourcecode.swift; path = VideoListView.swift; sourceTree = "<group>"; };
		62ACD6052678D30B008AEE1C /* Assets.xcassets */ = {isa = PBXFileReference; lastKnownFileType = folder.assetcatalog; path = Assets.xcassets; sourceTree = "<group>"; };
		62ACD6082678D30B008AEE1C /* Preview Assets.xcassets */ = {isa = PBXFileReference; lastKnownFileType = folder.assetcatalog; path = "Preview Assets.xcassets"; sourceTree = "<group>"; };
		62ACD60A2678D30B008AEE1C /* Info.plist */ = {isa = PBXFileReference; lastKnownFileType = text.plist.xml; path = Info.plist; sourceTree = "<group>"; };
		62ACD6112678D4BE008AEE1C /* VideoList.swift */ = {isa = PBXFileReference; lastKnownFileType = sourcecode.swift; path = VideoList.swift; sourceTree = "<group>"; };
		62ACD6152678E728008AEE1C /* VideoDetailView.swift */ = {isa = PBXFileReference; lastKnownFileType = sourcecode.swift; path = VideoDetailView.swift; sourceTree = "<group>"; };
/* End PBXFileReference section */

/* Begin PBXFrameworksBuildPhase section */
		62ACD5FB2678D309008AEE1C /* Frameworks */ = {
			isa = PBXFrameworksBuildPhase;
			buildActionMask = 2147483647;
			files = (
			);
			runOnlyForDeploymentPostprocessing = 0;
		};
/* End PBXFrameworksBuildPhase section */

/* Begin PBXGroup section */
		62ACD5F52678D309008AEE1C = {
			isa = PBXGroup;
			children = (
				62ACD6002678D309008AEE1C /* SwiftList */,
				62ACD5FF2678D309008AEE1C /* Products */,
			);
			sourceTree = "<group>";
		};
		62ACD5FF2678D309008AEE1C /* Products */ = {
			isa = PBXGroup;
			children = (
				62ACD5FE2678D309008AEE1C /* SwiftList.app */,
			);
			name = Products;
			sourceTree = "<group>";
		};
		62ACD6002678D309008AEE1C /* SwiftList */ = {
			isa = PBXGroup;
			children = (
				62ACD6012678D309008AEE1C /* SwiftListApp.swift */,
				62ACD6032678D309008AEE1C /* VideoListView.swift */,
				62ACD6152678E728008AEE1C /* VideoDetailView.swift */,
				62ACD6112678D4BE008AEE1C /* VideoList.swift */,
				62ACD6052678D30B008AEE1C /* Assets.xcassets */,
				62ACD60A2678D30B008AEE1C /* Info.plist */,
				62ACD6072678D30B008AEE1C /* Preview Content */,
			);
			path = SwiftList;
			sourceTree = "<group>";
		};
		62ACD6072678D30B008AEE1C /* Preview Content */ = {
			isa = PBXGroup;
			children = (
				62ACD6082678D30B008AEE1C /* Preview Assets.xcassets */,
			);
			path = "Preview Content";
			sourceTree = "<group>";
		};
/* End PBXGroup section */

/* Begin PBXNativeTarget section */
		62ACD5FD2678D309008AEE1C /* SwiftList */ = {
			isa = PBXNativeTarget;
			buildConfigurationList = 62ACD60D2678D30B008AEE1C /* Build configuration list for PBXNativeTarget "SwiftList" */;
			buildPhases = (
				62ACD5FA2678D309008AEE1C /* Sources */,
				62ACD5FB2678D309008AEE1C /* Frameworks */,
				62ACD5FC2678D309008AEE1C /* Resources */,
			);
			buildRules = (
			);
			dependencies = (
			);
			name = SwiftList;
			productName = SwiftList;
			productReference = 62ACD5FE2678D309008AEE1C /* SwiftList.app */;
			productType = "com.apple.product-type.application";
		};
/* End PBXNativeTarget section */

/* Begin PBXProject section */
		62ACD5F62678D309008AEE1C /* Project object */ = {
			isa = PBXProject;
			attributes = {
				LastSwiftUpdateCheck = 1240;
				LastUpgradeCheck = 1240;
				TargetAttributes = {
					62ACD5FD2678D309008AEE1C = {
						CreatedOnToolsVersion = 12.4;
					};
				};
			};
			buildConfigurationList = 62ACD5F92678D309008AEE1C /* Build configuration list for PBXProject "SwiftList" */;
			compatibilityVersion = "Xcode 9.3";
			developmentRegion = en;
			hasScannedForEncodings = 0;
			knownRegions = (
				en,
				Base,
			);
			mainGroup = 62ACD5F52678D309008AEE1C;
			productRefGroup = 62ACD5FF2678D309008AEE1C /* Products */;
			projectDirPath = "";
			projectRoot = "";
			targets = (
				62ACD5FD2678D309008AEE1C /* SwiftList */,
			);
		};
/* End PBXProject section */

/* Begin PBXResourcesBuildPhase section */
		62ACD5FC2678D309008AEE1C /* Resources */ = {
			isa = PBXResourcesBuildPhase;
			buildActionMask = 2147483647;
			files = (
				62ACD6092678D30B008AEE1C /* Preview Assets.xcassets in Resources */,
				62ACD6062678D30B008AEE1C /* Assets.xcassets in Resources */,
			);
			runOnlyForDeploymentPostprocessing = 0;
		};
/* End PBXResourcesBuildPhase section */

/* Begin PBXSourcesBuildPhase section */
		62ACD5FA2678D309008AEE1C /* Sources */ = {
			isa = PBXSourcesBuildPhase;
			buildActionMask = 2147483647;
			files = (
				62ACD6122678D4BE008AEE1C /* VideoList.swift in Sources */,
				62ACD6162678E728008AEE1C /* VideoDetailView.swift in Sources */,
				62ACD6042678D309008AEE1C /* VideoListView.swift in Sources */,
				62ACD6022678D309008AEE1C /* SwiftListApp.swift in Sources */,
			);
			runOnlyForDeploymentPostprocessing = 0;
		};
/* End PBXSourcesBuildPhase section */

/* Begin XCBuildConfiguration section */
		62ACD60B2678D30B008AEE1C /* Debug */ = {
			isa = XCBuildConfiguration;
			buildSettings = {
				ALWAYS_SEARCH_USER_PATHS = NO;
				CLANG_ANALYZER_NONNULL = YES;
				CLANG_ANALYZER_NUMBER_OBJECT_CONVERSION = YES_AGGRESSIVE;
				CLANG_CXX_LANGUAGE_STANDARD = "gnu++14";
				CLANG_CXX_LIBRARY = "libc++";
				CLANG_ENABLE_MODULES = YES;
				CLANG_ENABLE_OBJC_ARC = YES;
				CLANG_ENABLE_OBJC_WEAK = YES;
				CLANG_WARN_BLOCK_CAPTURE_AUTORELEASING = YES;
				CLANG_WARN_BOOL_CONVERSION = YES;
				CLANG_WARN_COMMA = YES;
				CLANG_WARN_CONSTANT_CONVERSION = YES;
				CLANG_WARN_DEPRECATED_OBJC_IMPLEMENTATIONS = YES;
				CLANG_WARN_DIRECT_OBJC_ISA_USAGE = YES_ERROR;
				CLANG_WARN_DOCUMENTATION_COMMENTS = YES;
				CLANG_WARN_EMPTY_BODY = YES;
				CLANG_WARN_ENUM_CONVERSION = YES;
				CLANG_WARN_INFINITE_RECURSION = YES;
				CLANG_WARN_INT_CONVERSION = YES;
				CLANG_WARN_NON_LITERAL_NULL_CONVERSION = YES;
				CLANG_WARN_OBJC_IMPLICIT_RETAIN_SELF = YES;
				CLANG_WARN_OBJC_LITERAL_CONVERSION = YES;
				CLANG_WARN_OBJC_ROOT_CLASS = YES_ERROR;
				CLANG_WARN_QUOTED_INCLUDE_IN_FRAMEWORK_HEADER = YES;
				CLANG_WARN_RANGE_LOOP_ANALYSIS = YES;
				CLANG_WARN_STRICT_PROTOTYPES = YES;
				CLANG_WARN_SUSPICIOUS_MOVE = YES;
				CLANG_WARN_UNGUARDED_AVAILABILITY = YES_AGGRESSIVE;
				CLANG_WARN_UNREACHABLE_CODE = YES;
				CLANG_WARN__DUPLICATE_METHOD_MATCH = YES;
				COPY_PHASE_STRIP = NO;
				DEBUG_INFORMATION_FORMAT = dwarf;
				ENABLE_STRICT_OBJC_MSGSEND = YES;
				ENABLE_TESTABILITY = YES;
				GCC_C_LANGUAGE_STANDARD = gnu11;
				GCC_DYNAMIC_NO_PIC = NO;
				GCC_NO_COMMON_BLOCKS = YES;
				GCC_OPTIMIZATION_LEVEL = 0;
				GCC_PREPROCESSOR_DEFINITIONS = (
					"DEBUG=1",
					"$(inherited)",
				);
				GCC_WARN_64_TO_32_BIT_CONVERSION = YES;
				GCC_WARN_ABOUT_RETURN_TYPE = YES_ERROR;
				GCC_WARN_UNDECLARED_SELECTOR = YES;
				GCC_WARN_UNINITIALIZED_AUTOS = YES_AGGRESSIVE;
				GCC_WARN_UNUSED_FUNCTION = YES;
				GCC_WARN_UNUSED_VARIABLE = YES;
				IPHONEOS_DEPLOYMENT_TARGET = 14.4;
				MTL_ENABLE_DEBUG_INFO = INCLUDE_SOURCE;
				MTL_FAST_MATH = YES;
				ONLY_ACTIVE_ARCH = YES;
				SDKROOT = iphoneos;
				SWIFT_ACTIVE_COMPILATION_CONDITIONS = DEBUG;
				SWIFT_OPTIMIZATION_LEVEL = "-Onone";
			};
			name = Debug;
		};
		62ACD60C2678D30B008AEE1C /* Release */ = {
			isa = XCBuildConfiguration;
			buildSettings = {
				ALWAYS_SEARCH_USER_PATHS = NO;
				CLANG_ANALYZER_NONNULL = YES;
				CLANG_ANALYZER_NUMBER_OBJECT_CONVERSION = YES_AGGRESSIVE;
				CLANG_CXX_LANGUAGE_STANDARD = "gnu++14";
				CLANG_CXX_LIBRARY = "libc++";
				CLANG_ENABLE_MODULES = YES;
				CLANG_ENABLE_OBJC_ARC = YES;
				CLANG_ENABLE_OBJC_WEAK = YES;
				CLANG_WARN_BLOCK_CAPTURE_AUTORELEASING = YES;
				CLANG_WARN_BOOL_CONVERSION = YES;
				CLANG_WARN_COMMA = YES;
				CLANG_WARN_CONSTANT_CONVERSION = YES;
				CLANG_WARN_DEPRECATED_OBJC_IMPLEMENTATIONS = YES;
				CLANG_WARN_DIRECT_OBJC_ISA_USAGE = YES_ERROR;
				CLANG_WARN_DOCUMENTATION_COMMENTS = YES;
				CLANG_WARN_EMPTY_BODY = YES;
				CLANG_WARN_ENUM_CONVERSION = YES;
				CLANG_WARN_INFINITE_RECURSION = YES;
				CLANG_WARN_INT_CONVERSION = YES;
				CLANG_WARN_NON_LITERAL_NULL_CONVERSION = YES;
				CLANG_WARN_OBJC_IMPLICIT_RETAIN_SELF = YES;
				CLANG_WARN_OBJC_LITERAL_CONVERSION = YES;
				CLANG_WARN_OBJC_ROOT_CLASS = YES_ERROR;
				CLANG_WARN_QUOTED_INCLUDE_IN_FRAMEWORK_HEADER = YES;
				CLANG_WARN_RANGE_LOOP_ANALYSIS = YES;
				CLANG_WARN_STRICT_PROTOTYPES = YES;
				CLANG_WARN_SUSPICIOUS_MOVE = YES;
				CLANG_WARN_UNGUARDED_AVAILABILITY = YES_AGGRESSIVE;
				CLANG_WARN_UNREACHABLE_CODE = YES;
				CLANG_WARN__DUPLICATE_METHOD_MATCH = YES;
				COPY_PHASE_STRIP = NO;
				DEBUG_INFORMATION_FORMAT = "dwarf-with-dsym";
				ENABLE_NS_ASSERTIONS = NO;
				ENABLE_STRICT_OBJC_MSGSEND = YES;
				GCC_C_LANGUAGE_STANDARD = gnu11;
				GCC_NO_COMMON_BLOCKS = YES;
				GCC_WARN_64_TO_32_BIT_CONVERSION = YES;
				GCC_WARN_ABOUT_RETURN_TYPE = YES_ERROR;
				GCC_WARN_UNDECLARED_SELECTOR = YES;
				GCC_WARN_UNINITIALIZED_AUTOS = YES_AGGRESSIVE;
				GCC_WARN_UNUSED_FUNCTION = YES;
				GCC_WARN_UNUSED_VARIABLE = YES;
				IPHONEOS_DEPLOYMENT_TARGET = 14.4;
				MTL_ENABLE_DEBUG_INFO = NO;
				MTL_FAST_MATH = YES;
				SDKROOT = iphoneos;
				SWIFT_COMPILATION_MODE = wholemodule;
				SWIFT_OPTIMIZATION_LEVEL = "-O";
				VALIDATE_PRODUCT = YES;
			};
			name = Release;
		};
		62ACD60E2678D30B008AEE1C /* Debug */ = {
			isa = XCBuildConfiguration;
			buildSettings = {
				ASSETCATALOG_COMPILER_APPICON_NAME = AppIcon;
				ASSETCATALOG_COMPILER_GLOBAL_ACCENT_COLOR_NAME = AccentColor;
				CODE_SIGN_STYLE = Automatic;
				DEVELOPMENT_ASSET_PATHS = "\"SwiftList/Preview Content\"";
				DEVELOPMENT_TEAM = 8Y3S7UVJZW;
				ENABLE_PREVIEWS = YES;
				INFOPLIST_FILE = SwiftList/Info.plist;
				IPHONEOS_DEPLOYMENT_TARGET = 14.0;
				LD_RUNPATH_SEARCH_PATHS = (
					"$(inherited)",
					"@executable_path/Frameworks",
				);
				PRODUCT_BUNDLE_IDENTIFIER = com.johnswift.youtubelist.SwiftList;
				PRODUCT_NAME = "$(TARGET_NAME)";
				SWIFT_VERSION = 5.0;
				TARGETED_DEVICE_FAMILY = "1,2";
			};
			name = Debug;
		};
		62ACD60F2678D30B008AEE1C /* Release */ = {
			isa = XCBuildConfiguration;
			buildSettings = {
				ASSETCATALOG_COMPILER_APPICON_NAME = AppIcon;
				ASSETCATALOG_COMPILER_GLOBAL_ACCENT_COLOR_NAME = AccentColor;
				CODE_SIGN_STYLE = Automatic;
				DEVELOPMENT_ASSET_PATHS = "\"SwiftList/Preview Content\"";
				DEVELOPMENT_TEAM = 8Y3S7UVJZW;
				ENABLE_PREVIEWS = YES;
				INFOPLIST_FILE = SwiftList/Info.plist;
				IPHONEOS_DEPLOYMENT_TARGET = 14.0;
				LD_RUNPATH_SEARCH_PATHS = (
					"$(inherited)",
					"@executable_path/Frameworks",
				);
				PRODUCT_BUNDLE_IDENTIFIER = com.johnswift.youtubelist.SwiftList;
				PRODUCT_NAME = "$(TARGET_NAME)";
				SWIFT_VERSION = 5.0;
				TARGETED_DEVICE_FAMILY = "1,2";
			};
			name = Release;
		};
/* End XCBuildConfiguration section */

/* Begin XCConfigurationList section */
		62ACD5F92678D309008AEE1C /* Build configuration list for PBXProject "SwiftList" */ = {
			isa = XCConfigurationList;
			buildConfigurations = (
				62ACD60B2678D30B008AEE1C /* Debug */,
				62ACD60C2678D30B008AEE1C /* Release */,
			);
			defaultConfigurationIsVisible = 0;
			defaultConfigurationName = Release;
		};
		62ACD60D2678D30B008AEE1C /* Build configuration list for PBXNativeTarget "SwiftList" */ = {
			isa = XCConfigurationList;
			buildConfigurations = (
				62ACD60E2678D30B008AEE1C /* Debug */,
				62ACD60F2678D30B008AEE1C /* Release */,
			);
			defaultConfigurationIsVisible = 0;
			defaultConfigurationName = Release;
		};
/* End XCConfigurationList section */
	};
	rootObject = 62ACD5F62678D309008AEE1C /* Project object */;
}
